
Microsoft Visual Studio Solution File, Format Version 12.00
# Visual Studio Version 17
VisualStudioVersion = 17.9.34622.214
MinimumVisualStudioVersion = 10.0.40219.1
Project("{9A19103F-16F7-4668-BE54-9A1E7A4F7556}") = "MyPolyglotPersistenceProject", "MyPolyglotPersistenceProject\MyPolyglotPersistenceProject.csproj", "{550EE8CB-D7E2-457F-B0BA-EC09A1181DDA}"
EndProject
Global
	GlobalSection(SolutionConfigurationPlatforms) = preSolution
		Debug|Any CPU = Debug|Any CPU
		Release|Any CPU = Release|Any CPU
	EndGlobalSection
	GlobalSection(ProjectConfigurationPlatforms) = postSolution
		{550EE8CB-D7E2-457F-B0BA-EC09A1181DDA}.Debug|Any CPU.ActiveCfg = Debug|Any CPU
		{550EE8CB-D7E2-457F-B0BA-EC09A1181DDA}.Debug|Any CPU.Build.0 = Debug|Any CPU
		{550EE8CB-D7E2-457F-B0BA-EC09A1181DDA}.Release|Any CPU.ActiveCfg = Release|Any CPU
		{550EE8CB-D7E2-457F-B0BA-EC09A1181DDA}.Release|Any CPU.Build.0 = Release|Any CPU
	EndGlobalSection
	GlobalSection(SolutionProperties) = preSolution
		HideSolutionNode = FALSE
	EndGlobalSection
	GlobalSection(ExtensibilityGlobals) = postSolution
		SolutionGuid = {3DDF2DF4-DF51-4D2C-83AD-9AA64388CBD1}
	EndGlobalSection
EndGlobal
